// !$*UTF8*$!
{
	archiveVersion = 1;
	classes = {
	};
	objectVersion = 50;
	objects = {

/* Begin PBXBuildFile section */
		A91DBEB32373BB3500CD4243 /* AppDelegate.m in Sources */ = {isa = PBXBuildFile; fileRef = A91DBEB22373BB3500CD4243 /* AppDelegate.m */; };
		A91DBEB62373BB3500CD4243 /* SceneDelegate.m in Sources */ = {isa = PBXBuildFile; fileRef = A91DBEB52373BB3500CD4243 /* SceneDelegate.m */; };
		A91DBEB92373BB3500CD4243 /* ViewController.m in Sources */ = {isa = PBXBuildFile; fileRef = A91DBEB82373BB3500CD4243 /* ViewController.m */; };
		A91DBEBC2373BB3500CD4243 /* Main.storyboard in Resources */ = {isa = PBXBuildFile; fileRef = A91DBEBA2373BB3500CD4243 /* Main.storyboard */; };
		A91DBEBE2373BB3600CD4243 /* Assets.xcassets in Resources */ = {isa = PBXBuildFile; fileRef = A91DBEBD2373BB3600CD4243 /* Assets.xcassets */; };
		A91DBEC12373BB3600CD4243 /* LaunchScreen.storyboard in Resources */ = {isa = PBXBuildFile; fileRef = A91DBEBF2373BB3600CD4243 /* LaunchScreen.storyboard */; };
		A91DBEC42373BB3600CD4243 /* main.m in Sources */ = {isa = PBXBuildFile; fileRef = A91DBEC32373BB3600CD4243 /* main.m */; };
		A91DBECB2373BBFB00CD4243 /* example.mp4 in Resources */ = {isa = PBXBuildFile; fileRef = A91DBECA2373BBFB00CD4243 /* example.mp4 */; };
		A91DBECE2373BD0B00CD4243 /* MP4Reader.m in Sources */ = {isa = PBXBuildFile; fileRef = A91DBECD2373BD0B00CD4243 /* MP4Reader.m */; };
		A9FC6D35237AAE3A0036CB29 /* XYMetalView.m in Sources */ = {isa = PBXBuildFile; fileRef = A9FC6D33237AAE3A0036CB29 /* XYMetalView.m */; };
		A9FC6D38237AAE740036CB29 /* Shaders.metal in Sources */ = {isa = PBXBuildFile; fileRef = A9FC6D36237AAE740036CB29 /* Shaders.metal */; };
		A9FC6D3B237B96210036CB29 /* NKMTKView.m in Sources */ = {isa = PBXBuildFile; fileRef = A9FC6D3A237B96210036CB29 /* NKMTKView.m */; };
/* End PBXBuildFile section */

/* Begin PBXFileReference section */
		A91DBEAE2373BB3500CD4243 /* MP4Reader.app */ = {isa = PBXFileReference; explicitFileType = wrapper.application; includeInIndex = 0; path = MP4Reader.app; sourceTree = BUILT_PRODUCTS_DIR; };
		A91DBEB12373BB3500CD4243 /* AppDelegate.h */ = {isa = PBXFileReference; lastKnownFileType = sourcecode.c.h; path = AppDelegate.h; sourceTree = "<group>"; };
		A91DBEB22373BB3500CD4243 /* AppDelegate.m */ = {isa = PBXFileReference; lastKnownFileType = sourcecode.c.objc; path = AppDelegate.m; sourceTree = "<group>"; };
		A91DBEB42373BB3500CD4243 /* SceneDelegate.h */ = {isa = PBXFileReference; lastKnownFileType = sourcecode.c.h; path = SceneDelegate.h; sourceTree = "<group>"; };
		A91DBEB52373BB3500CD4243 /* SceneDelegate.m */ = {isa = PBXFileReference; lastKnownFileType = sourcecode.c.objc; path = SceneDelegate.m; sourceTree = "<group>"; };
		A91DBEB72373BB3500CD4243 /* ViewController.h */ = {isa = PBXFileReference; lastKnownFileType = sourcecode.c.h; path = ViewController.h; sourceTree = "<group>"; };
		A91DBEB82373BB3500CD4243 /* ViewController.m */ = {isa = PBXFileReference; lastKnownFileType = sourcecode.c.objc; path = ViewController.m; sourceTree = "<group>"; };
		A91DBEBB2373BB3500CD4243 /* Base */ = {isa = PBXFileReference; lastKnownFileType = file.storyboard; name = Base; path = Base.lproj/Main.storyboard; sourceTree = "<group>"; };
		A91DBEBD2373BB3600CD4243 /* Assets.xcassets */ = {isa = PBXFileReference; lastKnownFileType = folder.assetcatalog; path = Assets.xcassets; sourceTree = "<group>"; };
		A91DBEC02373BB3600CD4243 /* Base */ = {isa = PBXFileReference; lastKnownFileType = file.storyboard; name = Base; path = Base.lproj/LaunchScreen.storyboard; sourceTree = "<group>"; };
		A91DBEC22373BB3600CD4243 /* Info.plist */ = {isa = PBXFileReference; lastKnownFileType = text.plist.xml; path = Info.plist; sourceTree = "<group>"; };
		A91DBEC32373BB3600CD4243 /* main.m */ = {isa = PBXFileReference; lastKnownFileType = sourcecode.c.objc; path = main.m; sourceTree = "<group>"; };
		A91DBECA2373BBFB00CD4243 /* example.mp4 */ = {isa = PBXFileReference; lastKnownFileType = file; path = example.mp4; sourceTree = "<group>"; };
		A91DBECC2373BD0B00CD4243 /* MP4Reader.h */ = {isa = PBXFileReference; lastKnownFileType = sourcecode.c.h; path = MP4Reader.h; sourceTree = "<group>"; };
		A91DBECD2373BD0B00CD4243 /* MP4Reader.m */ = {isa = PBXFileReference; lastKnownFileType = sourcecode.c.objc; path = MP4Reader.m; sourceTree = "<group>"; };
		A9FC6D33237AAE3A0036CB29 /* XYMetalView.m */ = {isa = PBXFileReference; fileEncoding = 4; lastKnownFileType = sourcecode.c.objc; path = XYMetalView.m; sourceTree = "<group>"; };
		A9FC6D34237AAE3A0036CB29 /* XYMetalView.h */ = {isa = PBXFileReference; fileEncoding = 4; lastKnownFileType = sourcecode.c.h; path = XYMetalView.h; sourceTree = "<group>"; };
		A9FC6D36237AAE740036CB29 /* Shaders.metal */ = {isa = PBXFileReference; fileEncoding = 4; lastKnownFileType = sourcecode.metal; path = Shaders.metal; sourceTree = "<group>"; };
		A9FC6D37237AAE740036CB29 /* XYShaderTypes.h */ = {isa = PBXFileReference; fileEncoding = 4; lastKnownFileType = sourcecode.c.h; path = XYShaderTypes.h; sourceTree = "<group>"; };
		A9FC6D39237B96210036CB29 /* NKMTKView.h */ = {isa = PBXFileReference; lastKnownFileType = sourcecode.c.h; path = NKMTKView.h; sourceTree = "<group>"; };
		A9FC6D3A237B96210036CB29 /* NKMTKView.m */ = {isa = PBXFileReference; lastKnownFileType = sourcecode.c.objc; path = NKMTKView.m; sourceTree = "<group>"; };
/* End PBXFileReference section */

/* Begin PBXFrameworksBuildPhase section */
		A91DBEAB2373BB3500CD4243 /* Frameworks */ = {
			isa = PBXFrameworksBuildPhase;
			buildActionMask = 2147483647;
			files = (
			);
			runOnlyForDeploymentPostprocessing = 0;
		};
/* End PBXFrameworksBuildPhase section */

/* Begin PBXGroup section */
		A91DBEA52373BB3500CD4243 = {
			isa = PBXGroup;
			children = (
				A91DBEB02373BB3500CD4243 /* MP4Reader */,
				A91DBEAF2373BB3500CD4243 /* Products */,
			);
			sourceTree = "<group>";
		};
		A91DBEAF2373BB3500CD4243 /* Products */ = {
			isa = PBXGroup;
			children = (
				A91DBEAE2373BB3500CD4243 /* MP4Reader.app */,
			);
			name = Products;
			sourceTree = "<group>";
		};
		A91DBEB02373BB3500CD4243 /* MP4Reader */ = {
			isa = PBXGroup;
			children = (
				A91DBEB12373BB3500CD4243 /* AppDelegate.h */,
				A91DBEB22373BB3500CD4243 /* AppDelegate.m */,
				A91DBEB42373BB3500CD4243 /* SceneDelegate.h */,
				A91DBEB52373BB3500CD4243 /* SceneDelegate.m */,
				A91DBEB72373BB3500CD4243 /* ViewController.h */,
				A91DBEB82373BB3500CD4243 /* ViewController.m */,
				A9FC6D39237B96210036CB29 /* NKMTKView.h */,
				A9FC6D3A237B96210036CB29 /* NKMTKView.m */,
				A9FC6D36237AAE740036CB29 /* Shaders.metal */,
				A9FC6D37237AAE740036CB29 /* XYShaderTypes.h */,
				A9FC6D34237AAE3A0036CB29 /* XYMetalView.h */,
				A9FC6D33237AAE3A0036CB29 /* XYMetalView.m */,
				A91DBECC2373BD0B00CD4243 /* MP4Reader.h */,
				A91DBECD2373BD0B00CD4243 /* MP4Reader.m */,
				A91DBEBA2373BB3500CD4243 /* Main.storyboard */,
				A91DBECA2373BBFB00CD4243 /* example.mp4 */,
				A91DBEBD2373BB3600CD4243 /* Assets.xcassets */,
				A91DBEBF2373BB3600CD4243 /* LaunchScreen.storyboard */,
				A91DBEC22373BB3600CD4243 /* Info.plist */,
				A91DBEC32373BB3600CD4243 /* main.m */,
			);
			path = MP4Reader;
			sourceTree = "<group>";
		};
/* End PBXGroup section */

/* Begin PBXNativeTarget section */
		A91DBEAD2373BB3500CD4243 /* MP4Reader */ = {
			isa = PBXNativeTarget;
			buildConfigurationList = A91DBEC72373BB3600CD4243 /* Build configuration list for PBXNativeTarget "MP4Reader" */;
			buildPhases = (
				A91DBEAA2373BB3500CD4243 /* Sources */,
				A91DBEAB2373BB3500CD4243 /* Frameworks */,
				A91DBEAC2373BB3500CD4243 /* Resources */,
			);
			buildRules = (
			);
			dependencies = (
			);
			name = MP4Reader;
			productName = MP4Reader;
			productReference = A91DBEAE2373BB3500CD4243 /* MP4Reader.app */;
			productType = "com.apple.product-type.application";
		};
/* End PBXNativeTarget section */

/* Begin PBXProject section */
		A91DBEA62373BB3500CD4243 /* Project object */ = {
			isa = PBXProject;
			attributes = {
				LastUpgradeCheck = 1120;
				ORGANIZATIONNAME = Xiaoxueyuan;
				TargetAttributes = {
					A91DBEAD2373BB3500CD4243 = {
						CreatedOnToolsVersion = 11.2;
					};
				};
			};
			buildConfigurationList = A91DBEA92373BB3500CD4243 /* Build configuration list for PBXProject "MP4Reader" */;
			compatibilityVersion = "Xcode 9.3";
			developmentRegion = en;
			hasScannedForEncodings = 0;
			knownRegions = (
				en,
				Base,
			);
			mainGroup = A91DBEA52373BB3500CD4243;
			productRefGroup = A91DBEAF2373BB3500CD4243 /* Products */;
			projectDirPath = "";
			projectRoot = "";
			targets = (
				A91DBEAD2373BB3500CD4243 /* MP4Reader */,
			);
		};
/* End PBXProject section */

/* Begin PBXResourcesBuildPhase section */
		A91DBEAC2373BB3500CD4243 /* Resources */ = {
			isa = PBXResourcesBuildPhase;
			buildActionMask = 2147483647;
			files = (
				A91DBEC12373BB3600CD4243 /* LaunchScreen.storyboard in Resources */,
				A91DBEBE2373BB3600CD4243 /* Assets.xcassets in Resources */,
				A91DBECB2373BBFB00CD4243 /* example.mp4 in Resources */,
				A91DBEBC2373BB3500CD4243 /* Main.storyboard in Resources */,
			);
			runOnlyForDeploymentPostprocessing = 0;
		};
/* End PBXResourcesBuildPhase section */

/* Begin PBXSourcesBuildPhase section */
		A91DBEAA2373BB3500CD4243 /* Sources */ = {
			isa = PBXSourcesBuildPhase;
			buildActionMask = 2147483647;
			files = (
				A91DBECE2373BD0B00CD4243 /* MP4Reader.m in Sources */,
				A9FC6D38237AAE740036CB29 /* Shaders.metal in Sources */,
				A9FC6D35237AAE3A0036CB29 /* XYMetalView.m in Sources */,
				A91DBEB92373BB3500CD4243 /* ViewController.m in Sources */,
				A91DBEB32373BB3500CD4243 /* AppDelegate.m in Sources */,
				A91DBEC42373BB3600CD4243 /* main.m in Sources */,
				A9FC6D3B237B96210036CB29 /* NKMTKView.m in Sources */,
				A91DBEB62373BB3500CD4243 /* SceneDelegate.m in Sources */,
			);
			runOnlyForDeploymentPostprocessing = 0;
		};
/* End PBXSourcesBuildPhase section */

/* Begin PBXVariantGroup section */
		A91DBEBA2373BB3500CD4243 /* Main.storyboard */ = {
			isa = PBXVariantGroup;
			children = (
				A91DBEBB2373BB3500CD4243 /* Base */,
			);
			name = Main.storyboard;
			sourceTree = "<group>";
		};
		A91DBEBF2373BB3600CD4243 /* LaunchScreen.storyboard */ = {
			isa = PBXVariantGroup;
			children = (
				A91DBEC02373BB3600CD4243 /* Base */,
			);
			name = LaunchScreen.storyboard;
			sourceTree = "<group>";
		};
/* End PBXVariantGroup section */

/* Begin XCBuildConfiguration section */
		A91DBEC52373BB3600CD4243 /* Debug */ = {
			isa = XCBuildConfiguration;
			buildSettings = {
				ALWAYS_SEARCH_USER_PATHS = NO;
				CLANG_ANALYZER_NONNULL = YES;
				CLANG_ANALYZER_NUMBER_OBJECT_CONVERSION = YES_AGGRESSIVE;
				CLANG_CXX_LANGUAGE_STANDARD = "gnu++14";
				CLANG_CXX_LIBRARY = "libc++";
				CLANG_ENABLE_MODULES = YES;
				CLANG_ENABLE_OBJC_ARC = YES;
				CLANG_ENABLE_OBJC_WEAK = YES;
				CLANG_WARN_BLOCK_CAPTURE_AUTORELEASING = YES;
				CLANG_WARN_BOOL_CONVERSION = YES;
				CLANG_WARN_COMMA = YES;
				CLANG_WARN_CONSTANT_CONVERSION = YES;
				CLANG_WARN_DEPRECATED_OBJC_IMPLEMENTATIONS = YES;
				CLANG_WARN_DIRECT_OBJC_ISA_USAGE = YES_ERROR;
				CLANG_WARN_DOCUMENTATION_COMMENTS = YES;
				CLANG_WARN_EMPTY_BODY = YES;
				CLANG_WARN_ENUM_CONVERSION = YES;
				CLANG_WARN_INFINITE_RECURSION = YES;
				CLANG_WARN_INT_CONVERSION = YES;
				CLANG_WARN_NON_LITERAL_NULL_CONVERSION = YES;
				CLANG_WARN_OBJC_IMPLICIT_RETAIN_SELF = YES;
				CLANG_WARN_OBJC_LITERAL_CONVERSION = YES;
				CLANG_WARN_OBJC_ROOT_CLASS = YES_ERROR;
				CLANG_WARN_RANGE_LOOP_ANALYSIS = YES;
				CLANG_WARN_STRICT_PROTOTYPES = YES;
				CLANG_WARN_SUSPICIOUS_MOVE = YES;
				CLANG_WARN_UNGUARDED_AVAILABILITY = YES_AGGRESSIVE;
				CLANG_WARN_UNREACHABLE_CODE = YES;
				CLANG_WARN__DUPLICATE_METHOD_MATCH = YES;
				COPY_PHASE_STRIP = NO;
				DEBUG_INFORMATION_FORMAT = dwarf;
				ENABLE_STRICT_OBJC_MSGSEND = YES;
				ENABLE_TESTABILITY = YES;
				GCC_C_LANGUAGE_STANDARD = gnu11;
				GCC_DYNAMIC_NO_PIC = NO;
				GCC_NO_COMMON_BLOCKS = YES;
				GCC_OPTIMIZATION_LEVEL = 0;
				GCC_PREPROCESSOR_DEFINITIONS = (
					"DEBUG=1",
					"$(inherited)",
				);
				GCC_WARN_64_TO_32_BIT_CONVERSION = YES;
				GCC_WARN_ABOUT_RETURN_TYPE = YES_ERROR;
				GCC_WARN_UNDECLARED_SELECTOR = YES;
				GCC_WARN_UNINITIALIZED_AUTOS = YES_AGGRESSIVE;
				GCC_WARN_UNUSED_FUNCTION = YES;
				GCC_WARN_UNUSED_VARIABLE = YES;
				IPHONEOS_DEPLOYMENT_TARGET = 9.0;
				MTL_ENABLE_DEBUG_INFO = INCLUDE_SOURCE;
				MTL_FAST_MATH = YES;
				ONLY_ACTIVE_ARCH = YES;
				SDKROOT = iphoneos;
			};
			name = Debug;
		};
		A91DBEC62373BB3600CD4243 /* Release */ = {
			isa = XCBuildConfiguration;
			buildSettings = {
				ALWAYS_SEARCH_USER_PATHS = NO;
				CLANG_ANALYZER_NONNULL = YES;
				CLANG_ANALYZER_NUMBER_OBJECT_CONVERSION = YES_AGGRESSIVE;
				CLANG_CXX_LANGUAGE_STANDARD = "gnu++14";
				CLANG_CXX_LIBRARY = "libc++";
				CLANG_ENABLE_MODULES = YES;
				CLANG_ENABLE_OBJC_ARC = YES;
				CLANG_ENABLE_OBJC_WEAK = YES;
				CLANG_WARN_BLOCK_CAPTURE_AUTORELEASING = YES;
				CLANG_WARN_BOOL_CONVERSION = YES;
				CLANG_WARN_COMMA = YES;
				CLANG_WARN_CONSTANT_CONVERSION = YES;
				CLANG_WARN_DEPRECATED_OBJC_IMPLEMENTATIONS = YES;
				CLANG_WARN_DIRECT_OBJC_ISA_USAGE = YES_ERROR;
				CLANG_WARN_DOCUMENTATION_COMMENTS = YES;
				CLANG_WARN_EMPTY_BODY = YES;
				CLANG_WARN_ENUM_CONVERSION = YES;
				CLANG_WARN_INFINITE_RECURSION = YES;
				CLANG_WARN_INT_CONVERSION = YES;
				CLANG_WARN_NON_LITERAL_NULL_CONVERSION = YES;
				CLANG_WARN_OBJC_IMPLICIT_RETAIN_SELF = YES;
				CLANG_WARN_OBJC_LITERAL_CONVERSION = YES;
				CLANG_WARN_OBJC_ROOT_CLASS = YES_ERROR;
				CLANG_WARN_RANGE_LOOP_ANALYSIS = YES;
				CLANG_WARN_STRICT_PROTOTYPES = YES;
				CLANG_WARN_SUSPICIOUS_MOVE = YES;
				CLANG_WARN_UNGUARDED_AVAILABILITY = YES_AGGRESSIVE;
				CLANG_WARN_UNREACHABLE_CODE = YES;
				CLANG_WARN__DUPLICATE_METHOD_MATCH = YES;
				COPY_PHASE_STRIP = NO;
				DEBUG_INFORMATION_FORMAT = "dwarf-with-dsym";
				ENABLE_NS_ASSERTIONS = NO;
				ENABLE_STRICT_OBJC_MSGSEND = YES;
				GCC_C_LANGUAGE_STANDARD = gnu11;
				GCC_NO_COMMON_BLOCKS = YES;
				GCC_WARN_64_TO_32_BIT_CONVERSION = YES;
				GCC_WARN_ABOUT_RETURN_TYPE = YES_ERROR;
				GCC_WARN_UNDECLARED_SELECTOR = YES;
				GCC_WARN_UNINITIALIZED_AUTOS = YES_AGGRESSIVE;
				GCC_WARN_UNUSED_FUNCTION = YES;
				GCC_WARN_UNUSED_VARIABLE = YES;
				IPHONEOS_DEPLOYMENT_TARGET = 9.0;
				MTL_ENABLE_DEBUG_INFO = NO;
				MTL_FAST_MATH = YES;
				SDKROOT = iphoneos;
				VALIDATE_PRODUCT = YES;
			};
			name = Release;
		};
		A91DBEC82373BB3600CD4243 /* Debug */ = {
			isa = XCBuildConfiguration;
			buildSettings = {
				ASSETCATALOG_COMPILER_APPICON_NAME = AppIcon;
				CODE_SIGN_STYLE = Automatic;
				DEVELOPMENT_TEAM = 38BP9ZUSA2;
				INFOPLIST_FILE = MP4Reader/Info.plist;
				LD_RUNPATH_SEARCH_PATHS = (
					"$(inherited)",
					"@executable_path/Frameworks",
				);
				PRODUCT_BUNDLE_IDENTIFIER = com.xxy.MP4Reader;
				PRODUCT_NAME = "$(TARGET_NAME)";
				TARGETED_DEVICE_FAMILY = "1,2";
			};
			name = Debug;
		};
		A91DBEC92373BB3600CD4243 /* Release */ = {
			isa = XCBuildConfiguration;
			buildSettings = {
				ASSETCATALOG_COMPILER_APPICON_NAME = AppIcon;
				CODE_SIGN_STYLE = Automatic;
				DEVELOPMENT_TEAM = 38BP9ZUSA2;
				INFOPLIST_FILE = MP4Reader/Info.plist;
				LD_RUNPATH_SEARCH_PATHS = (
					"$(inherited)",
					"@executable_path/Frameworks",
				);
				PRODUCT_BUNDLE_IDENTIFIER = com.xxy.MP4Reader;
				PRODUCT_NAME = "$(TARGET_NAME)";
				TARGETED_DEVICE_FAMILY = "1,2";
			};
			name = Release;
		};
/* End XCBuildConfiguration section */

/* Begin XCConfigurationList section */
		A91DBEA92373BB3500CD4243 /* Build configuration list for PBXProject "MP4Reader" */ = {
			isa = XCConfigurationList;
			buildConfigurations = (
				A91DBEC52373BB3600CD4243 /* Debug */,
				A91DBEC62373BB3600CD4243 /* Release */,
			);
			defaultConfigurationIsVisible = 0;
			defaultConfigurationName = Release;
		};
		A91DBEC72373BB3600CD4243 /* Build configuration list for PBXNativeTarget "MP4Reader" */ = {
			isa = XCConfigurationList;
			buildConfigurations = (
				A91DBEC82373BB3600CD4243 /* Debug */,
				A91DBEC92373BB3600CD4243 /* Release */,
			);
			defaultConfigurationIsVisible = 0;
			defaultConfigurationName = Release;
		};
/* End XCConfigurationList section */
	};
	rootObject = A91DBEA62373BB3500CD4243 /* Project object */;
}
